// !$*UTF8*$!
{
	archiveVersion = 1;
	classes = {
	};
	objectVersion = 55;
	objects = {

/* Begin PBXBuildFile section */
		1A2CDD342B039D6E002044D0 /* UIElements.swift in Sources */ = {isa = PBXBuildFile; fileRef = 1A2CDD332B039D6E002044D0 /* UIElements.swift */; };
		1A2CDD362B03A09A002044D0 /* ProfileView.swift in Sources */ = {isa = PBXBuildFile; fileRef = 1A2CDD352B03A09A002044D0 /* ProfileView.swift */; };
		1A2CDD382B03F186002044D0 /* LoginView.swift in Sources */ = {isa = PBXBuildFile; fileRef = 1A2CDD372B03F186002044D0 /* LoginView.swift */; };
		1A5756532B055B9500A60DE7 /* Assets.xcassets in Resources */ = {isa = PBXBuildFile; fileRef = 1A5756522B055B9500A60DE7 /* Assets.xcassets */; };
		1A5756582B055F7900A60DE7 /* dog_walking.lottie in Resources */ = {isa = PBXBuildFile; fileRef = 1A5756542B055F7900A60DE7 /* dog_walking.lottie */; };
		1A57565D2B05633A00A60DE7 /* dog_main.lottie in Resources */ = {isa = PBXBuildFile; fileRef = 1A57565C2B05633A00A60DE7 /* dog_main.lottie */; };
		1A57565F2B0565FA00A60DE7 /* confetti.lottie in Resources */ = {isa = PBXBuildFile; fileRef = 1A57565E2B0565FA00A60DE7 /* confetti.lottie */; };
		1AB574FC2B057F7600AB46FC /* cup.lottie in Resources */ = {isa = PBXBuildFile; fileRef = 1AB574FB2B057F7600AB46FC /* cup.lottie */; };
		1AD8C5F32B035A8F004CE188 /* APITestView.swift in Sources */ = {isa = PBXBuildFile; fileRef = 1AD8C5F22B035A8F004CE188 /* APITestView.swift */; };
		1ADE793E2B03801200F0E915 /* Lottie in Frameworks */ = {isa = PBXBuildFile; productRef = 1ADE793D2B03801200F0E915 /* Lottie */; };
		1ADE79402B03802400F0E915 /* LottieModelView.swift in Sources */ = {isa = PBXBuildFile; fileRef = 1ADE793F2B03802400F0E915 /* LottieModelView.swift */; };
		5C5DBE83277210B400E19935 /* Auth0 in Frameworks */ = {isa = PBXBuildFile; productRef = 5C5DBE82277210B400E19935 /* Auth0 */; };
		5C5DBE88277212E000E19935 /* Auth0.plist in Resources */ = {isa = PBXBuildFile; fileRef = 5C5DBE87277212E000E19935 /* Auth0.plist */; };
		5C6537272772F5EE0035759D /* UserModel.swift in Sources */ = {isa = PBXBuildFile; fileRef = 5C6537262772F5EE0035759D /* UserModel.swift */; };
		5CDD8865277102DC00052307 /* App.swift in Sources */ = {isa = PBXBuildFile; fileRef = 5CDD8855277102DA00052307 /* App.swift */; };
		5CDD8867277102DC00052307 /* Bootstrap.swift in Sources */ = {isa = PBXBuildFile; fileRef = 5CDD8856277102DA00052307 /* Bootstrap.swift */; };
/* End PBXBuildFile section */

/* Begin PBXFileReference section */
		1A2CDD332B039D6E002044D0 /* UIElements.swift */ = {isa = PBXFileReference; lastKnownFileType = sourcecode.swift; path = UIElements.swift; sourceTree = "<group>"; };
		1A2CDD352B03A09A002044D0 /* ProfileView.swift */ = {isa = PBXFileReference; lastKnownFileType = sourcecode.swift; path = ProfileView.swift; sourceTree = "<group>"; };
		1A2CDD372B03F186002044D0 /* LoginView.swift */ = {isa = PBXFileReference; lastKnownFileType = sourcecode.swift; path = LoginView.swift; sourceTree = "<group>"; };
		1A5756522B055B9500A60DE7 /* Assets.xcassets */ = {isa = PBXFileReference; lastKnownFileType = folder.assetcatalog; path = Assets.xcassets; sourceTree = "<group>"; };
		1A5756542B055F7900A60DE7 /* dog_walking.lottie */ = {isa = PBXFileReference; lastKnownFileType = file; path = dog_walking.lottie; sourceTree = "<group>"; };
		1A57565C2B05633A00A60DE7 /* dog_main.lottie */ = {isa = PBXFileReference; lastKnownFileType = file; path = dog_main.lottie; sourceTree = "<group>"; };
		1A57565E2B0565FA00A60DE7 /* confetti.lottie */ = {isa = PBXFileReference; lastKnownFileType = file; path = confetti.lottie; sourceTree = "<group>"; };
		1AB574FB2B057F7600AB46FC /* cup.lottie */ = {isa = PBXFileReference; lastKnownFileType = file; path = cup.lottie; sourceTree = "<group>"; };
		1AD8C5F22B035A8F004CE188 /* APITestView.swift */ = {isa = PBXFileReference; lastKnownFileType = sourcecode.swift; path = APITestView.swift; sourceTree = "<group>"; };
		1ADE793F2B03802400F0E915 /* LottieModelView.swift */ = {isa = PBXFileReference; lastKnownFileType = sourcecode.swift; path = LottieModelView.swift; sourceTree = "<group>"; };
		5C5DBE87277212E000E19935 /* Auth0.plist */ = {isa = PBXFileReference; lastKnownFileType = text.plist.xml; path = Auth0.plist; sourceTree = "<group>"; };
		5C6537262772F5EE0035759D /* UserModel.swift */ = {isa = PBXFileReference; lastKnownFileType = sourcecode.swift; path = UserModel.swift; sourceTree = "<group>"; };
		5CDD8855277102DA00052307 /* App.swift */ = {isa = PBXFileReference; lastKnownFileType = sourcecode.swift; path = App.swift; sourceTree = "<group>"; };
		5CDD8856277102DA00052307 /* Bootstrap.swift */ = {isa = PBXFileReference; lastKnownFileType = sourcecode.swift; path = Bootstrap.swift; sourceTree = "<group>"; };
		5CDD885C277102DC00052307 /* Linguine.app */ = {isa = PBXFileReference; explicitFileType = wrapper.application; includeInIndex = 0; path = Linguine.app; sourceTree = BUILT_PRODUCTS_DIR; };
/* End PBXFileReference section */

/* Begin PBXFrameworksBuildPhase section */
		5CDD8859277102DC00052307 /* Frameworks */ = {
			isa = PBXFrameworksBuildPhase;
			buildActionMask = 2147483647;
			files = (
				5C5DBE83277210B400E19935 /* Auth0 in Frameworks */,
				1ADE793E2B03801200F0E915 /* Lottie in Frameworks */,
			);
			runOnlyForDeploymentPostprocessing = 0;
		};
/* End PBXFrameworksBuildPhase section */

/* Begin PBXGroup section */
		1A2CDD302B039CFB002044D0 /* Resources */ = {
			isa = PBXGroup;
			children = (
				1A2CDD312B039D1A002044D0 /* DotLotties */,
			);
			path = Resources;
			sourceTree = "<group>";
		};
		1A2CDD312B039D1A002044D0 /* DotLotties */ = {
			isa = PBXGroup;
			children = (
				1AB574FB2B057F7600AB46FC /* cup.lottie */,
				1A57565C2B05633A00A60DE7 /* dog_main.lottie */,
				1A57565E2B0565FA00A60DE7 /* confetti.lottie */,
				1A5756542B055F7900A60DE7 /* dog_walking.lottie */,
			);
			path = DotLotties;
			sourceTree = "<group>";
		};
		1A2CDD322B039D47002044D0 /* Model View */ = {
			isa = PBXGroup;
			children = (
				1ADE793F2B03802400F0E915 /* LottieModelView.swift */,
				1A2CDD332B039D6E002044D0 /* UIElements.swift */,
			);
			path = "Model View";
			sourceTree = "<group>";
		};
		1AD8C5EB2B02C08F004CE188 /* Auth0 */ = {
			isa = PBXGroup;
			children = (
				5C5DBE87277212E000E19935 /* Auth0.plist */,
			);
			path = Auth0;
			sourceTree = "<group>";
		};
		1AD8C5EC2B02C5A5004CE188 /* Views */ = {
			isa = PBXGroup;
			children = (
				1A2CDD372B03F186002044D0 /* LoginView.swift */,
				1A2CDD352B03A09A002044D0 /* ProfileView.swift */,
				1AD8C5F22B035A8F004CE188 /* APITestView.swift */,
			);
			path = Views;
			sourceTree = "<group>";
		};
		1AD8C5ED2B02C8C9004CE188 /* Models */ = {
			isa = PBXGroup;
			children = (
				5C6537262772F5EE0035759D /* UserModel.swift */,
			);
			path = Models;
			sourceTree = "<group>";
		};
		5C5DBE8A277217D800E19935 /* Linguine */ = {
			isa = PBXGroup;
			children = (
				5CDD8855277102DA00052307 /* App.swift */,
				5CDD8856277102DA00052307 /* Bootstrap.swift */,
				1AD8C5EC2B02C5A5004CE188 /* Views */,
				1AD8C5ED2B02C8C9004CE188 /* Models */,
				1A2CDD322B039D47002044D0 /* Model View */,
				1A2CDD302B039CFB002044D0 /* Resources */,
				1AD8C5EB2B02C08F004CE188 /* Auth0 */,
			);
			path = Linguine;
			sourceTree = "<group>";
		};
		5CDD884F277102DA00052307 = {
			isa = PBXGroup;
			children = (
				1A5756522B055B9500A60DE7 /* Assets.xcassets */,
				5C5DBE8A277217D800E19935 /* Linguine */,
				5CDD885D277102DC00052307 /* Products */,
			);
			sourceTree = "<group>";
		};
		5CDD885D277102DC00052307 /* Products */ = {
			isa = PBXGroup;
			children = (
				5CDD885C277102DC00052307 /* Linguine.app */,
			);
			name = Products;
			sourceTree = "<group>";
		};
/* End PBXGroup section */

/* Begin PBXNativeTarget section */
		5CDD885B277102DC00052307 /* Linguine (iOS) */ = {
			isa = PBXNativeTarget;
			buildConfigurationList = 5CDD886D277102DC00052307 /* Build configuration list for PBXNativeTarget "Linguine (iOS)" */;
			buildPhases = (
				5CDD8858277102DC00052307 /* Sources */,
				5CDD8859277102DC00052307 /* Frameworks */,
				5CDD885A277102DC00052307 /* Resources */,
				5C64E0E62774E805008D6599 /* SwiftLint */,
			);
			buildRules = (
			);
			dependencies = (
			);
			name = "Linguine (iOS)";
			packageProductDependencies = (
				5C5DBE82277210B400E19935 /* Auth0 */,
				1ADE793D2B03801200F0E915 /* Lottie */,
			);
			productName = "SwiftSample (iOS)";
			productReference = 5CDD885C277102DC00052307 /* Linguine.app */;
			productType = "com.apple.product-type.application";
		};
/* End PBXNativeTarget section */

/* Begin PBXProject section */
		5CDD8850277102DA00052307 /* Project object */ = {
			isa = PBXProject;
			attributes = {
				BuildIndependentTargetsInParallel = 1;
				LastSwiftUpdateCheck = 1320;
				LastUpgradeCheck = 1500;
				TargetAttributes = {
					5CDD885B277102DC00052307 = {
						CreatedOnToolsVersion = 13.2;
					};
				};
			};
			buildConfigurationList = 5CDD8853277102DA00052307 /* Build configuration list for PBXProject "Linguine" */;
			compatibilityVersion = "Xcode 13.0";
			developmentRegion = en;
			hasScannedForEncodings = 0;
			knownRegions = (
				en,
				Base,
			);
			mainGroup = 5CDD884F277102DA00052307;
			packageReferences = (
				5C5DBE81277210B400E19935 /* XCRemoteSwiftPackageReference "Auth0.swift" */,
				5CD3A4622784F5F900B67D88 /* XCRemoteSwiftPackageReference "ViewInspector" */,
				1ADE793C2B03801200F0E915 /* XCRemoteSwiftPackageReference "lottie-spm" */,
			);
			productRefGroup = 5CDD885D277102DC00052307 /* Products */;
			projectDirPath = "";
			projectRoot = "";
			targets = (
				5CDD885B277102DC00052307 /* Linguine (iOS) */,
			);
		};
/* End PBXProject section */

/* Begin PBXResourcesBuildPhase section */
		5CDD885A277102DC00052307 /* Resources */ = {
			isa = PBXResourcesBuildPhase;
			buildActionMask = 2147483647;
			files = (
				5C5DBE88277212E000E19935 /* Auth0.plist in Resources */,
				1A57565D2B05633A00A60DE7 /* dog_main.lottie in Resources */,
				1A5756532B055B9500A60DE7 /* Assets.xcassets in Resources */,
				1AB574FC2B057F7600AB46FC /* cup.lottie in Resources */,
				1A5756582B055F7900A60DE7 /* dog_walking.lottie in Resources */,
				1A57565F2B0565FA00A60DE7 /* confetti.lottie in Resources */,
			);
			runOnlyForDeploymentPostprocessing = 0;
		};
/* End PBXResourcesBuildPhase section */

/* Begin PBXShellScriptBuildPhase section */
		5C64E0E62774E805008D6599 /* SwiftLint */ = {
			isa = PBXShellScriptBuildPhase;
			alwaysOutOfDate = 1;
			buildActionMask = 2147483647;
			files = (
			);
			inputFileListPaths = (
			);
			inputPaths = (
			);
			name = SwiftLint;
			outputFileListPaths = (
			);
			outputPaths = (
			);
			runOnlyForDeploymentPostprocessing = 0;
			shellPath = /bin/sh;
			shellScript = "if [[ \"${CONFIGURATION}\" = \"Debug\" ]] && [ -z ${CIRCLECI} ] && which swiftlint >/dev/null; then\n    swiftlint\nfi\n";
		};
/* End PBXShellScriptBuildPhase section */

/* Begin PBXSourcesBuildPhase section */
		5CDD8858277102DC00052307 /* Sources */ = {
			isa = PBXSourcesBuildPhase;
			buildActionMask = 2147483647;
			files = (
				1A2CDD362B03A09A002044D0 /* ProfileView.swift in Sources */,
				5CDD8867277102DC00052307 /* Bootstrap.swift in Sources */,
				1AD8C5F32B035A8F004CE188 /* APITestView.swift in Sources */,
				1A2CDD382B03F186002044D0 /* LoginView.swift in Sources */,
				5C6537272772F5EE0035759D /* UserModel.swift in Sources */,
				5CDD8865277102DC00052307 /* App.swift in Sources */,
				1A2CDD342B039D6E002044D0 /* UIElements.swift in Sources */,
				1ADE79402B03802400F0E915 /* LottieModelView.swift in Sources */,
			);
			runOnlyForDeploymentPostprocessing = 0;
		};
/* End PBXSourcesBuildPhase section */

/* Begin XCBuildConfiguration section */
		5CDD886B277102DC00052307 /* Debug */ = {
			isa = XCBuildConfiguration;
			buildSettings = {
				ALWAYS_SEARCH_USER_PATHS = NO;
				CLANG_ANALYZER_NONNULL = YES;
				CLANG_ANALYZER_NUMBER_OBJECT_CONVERSION = YES_AGGRESSIVE;
				CLANG_CXX_LANGUAGE_STANDARD = "gnu++17";
				CLANG_CXX_LIBRARY = "libc++";
				CLANG_ENABLE_MODULES = YES;
				CLANG_ENABLE_OBJC_ARC = YES;
				CLANG_ENABLE_OBJC_WEAK = YES;
				CLANG_WARN_BLOCK_CAPTURE_AUTORELEASING = YES;
				CLANG_WARN_BOOL_CONVERSION = YES;
				CLANG_WARN_COMMA = YES;
				CLANG_WARN_CONSTANT_CONVERSION = YES;
				CLANG_WARN_DEPRECATED_OBJC_IMPLEMENTATIONS = YES;
				CLANG_WARN_DIRECT_OBJC_ISA_USAGE = YES_ERROR;
				CLANG_WARN_DOCUMENTATION_COMMENTS = YES;
				CLANG_WARN_EMPTY_BODY = YES;
				CLANG_WARN_ENUM_CONVERSION = YES;
				CLANG_WARN_INFINITE_RECURSION = YES;
				CLANG_WARN_INT_CONVERSION = YES;
				CLANG_WARN_NON_LITERAL_NULL_CONVERSION = YES;
				CLANG_WARN_OBJC_IMPLICIT_RETAIN_SELF = YES;
				CLANG_WARN_OBJC_LITERAL_CONVERSION = YES;
				CLANG_WARN_OBJC_ROOT_CLASS = YES_ERROR;
				CLANG_WARN_QUOTED_INCLUDE_IN_FRAMEWORK_HEADER = YES;
				CLANG_WARN_RANGE_LOOP_ANALYSIS = YES;
				CLANG_WARN_STRICT_PROTOTYPES = YES;
				CLANG_WARN_SUSPICIOUS_MOVE = YES;
				CLANG_WARN_UNGUARDED_AVAILABILITY = YES_AGGRESSIVE;
				CLANG_WARN_UNREACHABLE_CODE = YES;
				CLANG_WARN__DUPLICATE_METHOD_MATCH = YES;
				COPY_PHASE_STRIP = NO;
				DEAD_CODE_STRIPPING = YES;
				DEBUG_INFORMATION_FORMAT = dwarf;
				ENABLE_STRICT_OBJC_MSGSEND = YES;
				ENABLE_TESTABILITY = NO;
				ENABLE_USER_SCRIPT_SANDBOXING = YES;
				GCC_C_LANGUAGE_STANDARD = gnu11;
				GCC_DYNAMIC_NO_PIC = NO;
				GCC_NO_COMMON_BLOCKS = YES;
				GCC_OPTIMIZATION_LEVEL = 0;
				GCC_PREPROCESSOR_DEFINITIONS = (
					"DEBUG=1",
					"$(inherited)",
				);
				GCC_WARN_64_TO_32_BIT_CONVERSION = YES;
				GCC_WARN_ABOUT_RETURN_TYPE = YES_ERROR;
				GCC_WARN_UNDECLARED_SELECTOR = YES;
				GCC_WARN_UNINITIALIZED_AUTOS = YES_AGGRESSIVE;
				GCC_WARN_UNUSED_FUNCTION = YES;
				GCC_WARN_UNUSED_VARIABLE = YES;
				IPHONEOS_DEPLOYMENT_TARGET = 17.0;
				MTL_ENABLE_DEBUG_INFO = INCLUDE_SOURCE;
				MTL_FAST_MATH = YES;
				ONLY_ACTIVE_ARCH = YES;
				SWIFT_ACTIVE_COMPILATION_CONDITIONS = DEBUG;
				SWIFT_OPTIMIZATION_LEVEL = "-Onone";
			};
			name = Debug;
		};
		5CDD886C277102DC00052307 /* Release */ = {
			isa = XCBuildConfiguration;
			buildSettings = {
				ALWAYS_SEARCH_USER_PATHS = NO;
				CLANG_ANALYZER_NONNULL = YES;
				CLANG_ANALYZER_NUMBER_OBJECT_CONVERSION = YES_AGGRESSIVE;
				CLANG_CXX_LANGUAGE_STANDARD = "gnu++17";
				CLANG_CXX_LIBRARY = "libc++";
				CLANG_ENABLE_MODULES = YES;
				CLANG_ENABLE_OBJC_ARC = YES;
				CLANG_ENABLE_OBJC_WEAK = YES;
				CLANG_WARN_BLOCK_CAPTURE_AUTORELEASING = YES;
				CLANG_WARN_BOOL_CONVERSION = YES;
				CLANG_WARN_COMMA = YES;
				CLANG_WARN_CONSTANT_CONVERSION = YES;
				CLANG_WARN_DEPRECATED_OBJC_IMPLEMENTATIONS = YES;
				CLANG_WARN_DIRECT_OBJC_ISA_USAGE = YES_ERROR;
				CLANG_WARN_DOCUMENTATION_COMMENTS = YES;
				CLANG_WARN_EMPTY_BODY = YES;
				CLANG_WARN_ENUM_CONVERSION = YES;
				CLANG_WARN_INFINITE_RECURSION = YES;
				CLANG_WARN_INT_CONVERSION = YES;
				CLANG_WARN_NON_LITERAL_NULL_CONVERSION = YES;
				CLANG_WARN_OBJC_IMPLICIT_RETAIN_SELF = YES;
				CLANG_WARN_OBJC_LITERAL_CONVERSION = YES;
				CLANG_WARN_OBJC_ROOT_CLASS = YES_ERROR;
				CLANG_WARN_QUOTED_INCLUDE_IN_FRAMEWORK_HEADER = YES;
				CLANG_WARN_RANGE_LOOP_ANALYSIS = YES;
				CLANG_WARN_STRICT_PROTOTYPES = YES;
				CLANG_WARN_SUSPICIOUS_MOVE = YES;
				CLANG_WARN_UNGUARDED_AVAILABILITY = YES_AGGRESSIVE;
				CLANG_WARN_UNREACHABLE_CODE = YES;
				CLANG_WARN__DUPLICATE_METHOD_MATCH = YES;
				COPY_PHASE_STRIP = NO;
				DEAD_CODE_STRIPPING = YES;
				DEBUG_INFORMATION_FORMAT = "dwarf-with-dsym";
				ENABLE_NS_ASSERTIONS = NO;
				ENABLE_STRICT_OBJC_MSGSEND = YES;
				ENABLE_TESTABILITY = NO;
				ENABLE_USER_SCRIPT_SANDBOXING = YES;
				GCC_C_LANGUAGE_STANDARD = gnu11;
				GCC_NO_COMMON_BLOCKS = YES;
				GCC_WARN_64_TO_32_BIT_CONVERSION = YES;
				GCC_WARN_ABOUT_RETURN_TYPE = YES_ERROR;
				GCC_WARN_UNDECLARED_SELECTOR = YES;
				GCC_WARN_UNINITIALIZED_AUTOS = YES_AGGRESSIVE;
				GCC_WARN_UNUSED_FUNCTION = YES;
				GCC_WARN_UNUSED_VARIABLE = YES;
				IPHONEOS_DEPLOYMENT_TARGET = 17.0;
				MTL_ENABLE_DEBUG_INFO = NO;
				MTL_FAST_MATH = YES;
				SWIFT_COMPILATION_MODE = wholemodule;
				SWIFT_OPTIMIZATION_LEVEL = "-O";
			};
			name = Release;
		};
		5CDD886E277102DC00052307 /* Debug */ = {
			isa = XCBuildConfiguration;
			buildSettings = {
				ASSETCATALOG_COMPILER_APPICON_NAME = AppIcon;
				ASSETCATALOG_COMPILER_GLOBAL_ACCENT_COLOR_NAME = AccentColor;
				CODE_SIGN_STYLE = Automatic;
				CURRENT_PROJECT_VERSION = 1;
				DEVELOPMENT_TEAM = GXDG2KXXXC;
				ENABLE_PREVIEWS = YES;
				GENERATE_INFOPLIST_FILE = YES;
				INFOPLIST_FILE = Info.plist;
				INFOPLIST_KEY_CFBundleDisplayName = Linguine;
				INFOPLIST_KEY_LSApplicationCategoryType = "public.app-category.education";
				INFOPLIST_KEY_UIApplicationSceneManifest_Generation = YES;
				INFOPLIST_KEY_UIApplicationSupportsIndirectInputEvents = YES;
				INFOPLIST_KEY_UILaunchScreen_Generation = YES;
				INFOPLIST_KEY_UIRequiresFullScreen = YES;
				INFOPLIST_KEY_UISupportedInterfaceOrientations = UIInterfaceOrientationPortrait;
				IPHONEOS_DEPLOYMENT_TARGET = 17.0;
				LD_RUNPATH_SEARCH_PATHS = (
					"$(inherited)",
					"@executable_path/Frameworks",
				);
				MARKETING_VERSION = 1.0;
				PRODUCT_BUNDLE_IDENTIFIER = com.mattnovoselov.Triolingo;
				PRODUCT_NAME = Linguine;
				SDKROOT = iphoneos;
				SWIFT_EMIT_LOC_STRINGS = YES;
				SWIFT_VERSION = 5.0;
				TARGETED_DEVICE_FAMILY = "1,2";
			};
			name = Debug;
		};
		5CDD886F277102DC00052307 /* Release */ = {
			isa = XCBuildConfiguration;
			buildSettings = {
				ASSETCATALOG_COMPILER_APPICON_NAME = AppIcon;
				ASSETCATALOG_COMPILER_GLOBAL_ACCENT_COLOR_NAME = AccentColor;
				CODE_SIGN_STYLE = Automatic;
				CURRENT_PROJECT_VERSION = 1;
				DEVELOPMENT_TEAM = GXDG2KXXXC;
				ENABLE_PREVIEWS = YES;
				GENERATE_INFOPLIST_FILE = YES;
				INFOPLIST_FILE = Info.plist;
				INFOPLIST_KEY_CFBundleDisplayName = Linguine;
				INFOPLIST_KEY_LSApplicationCategoryType = "public.app-category.education";
				INFOPLIST_KEY_UIApplicationSceneManifest_Generation = YES;
				INFOPLIST_KEY_UIApplicationSupportsIndirectInputEvents = YES;
				INFOPLIST_KEY_UILaunchScreen_Generation = YES;
				INFOPLIST_KEY_UIRequiresFullScreen = YES;
				INFOPLIST_KEY_UISupportedInterfaceOrientations = UIInterfaceOrientationPortrait;
				IPHONEOS_DEPLOYMENT_TARGET = 17.0;
				LD_RUNPATH_SEARCH_PATHS = (
					"$(inherited)",
					"@executable_path/Frameworks",
				);
				MARKETING_VERSION = 1.0;
				PRODUCT_BUNDLE_IDENTIFIER = com.mattnovoselov.Triolingo;
				PRODUCT_NAME = Linguine;
				SDKROOT = iphoneos;
				SWIFT_EMIT_LOC_STRINGS = YES;
				SWIFT_VERSION = 5.0;
				TARGETED_DEVICE_FAMILY = "1,2";
				VALIDATE_PRODUCT = YES;
			};
			name = Release;
		};
/* End XCBuildConfiguration section */

/* Begin XCConfigurationList section */
		5CDD8853277102DA00052307 /* Build configuration list for PBXProject "Linguine" */ = {
			isa = XCConfigurationList;
			buildConfigurations = (
				5CDD886B277102DC00052307 /* Debug */,
				5CDD886C277102DC00052307 /* Release */,
			);
			defaultConfigurationIsVisible = 0;
			defaultConfigurationName = Release;
		};
		5CDD886D277102DC00052307 /* Build configuration list for PBXNativeTarget "Linguine (iOS)" */ = {
			isa = XCConfigurationList;
			buildConfigurations = (
				5CDD886E277102DC00052307 /* Debug */,
				5CDD886F277102DC00052307 /* Release */,
			);
			defaultConfigurationIsVisible = 0;
			defaultConfigurationName = Release;
		};
/* End XCConfigurationList section */

/* Begin XCRemoteSwiftPackageReference section */
		1ADE793C2B03801200F0E915 /* XCRemoteSwiftPackageReference "lottie-spm" */ = {
			isa = XCRemoteSwiftPackageReference;
			repositoryURL = "https://github.com/airbnb/lottie-spm";
			requirement = {
				kind = upToNextMajorVersion;
				minimumVersion = 4.3.3;
			};
		};
		5C5DBE81277210B400E19935 /* XCRemoteSwiftPackageReference "Auth0.swift" */ = {
			isa = XCRemoteSwiftPackageReference;
			repositoryURL = "https://github.com/auth0/Auth0.swift.git";
			requirement = {
				kind = upToNextMajorVersion;
				minimumVersion = 2.0.0;
			};
		};
		5CD3A4622784F5F900B67D88 /* XCRemoteSwiftPackageReference "ViewInspector" */ = {
			isa = XCRemoteSwiftPackageReference;
			repositoryURL = "https://github.com/nalexn/ViewInspector";
			requirement = {
				kind = upToNextMajorVersion;
				minimumVersion = 0.9.1;
			};
		};
/* End XCRemoteSwiftPackageReference section */

/* Begin XCSwiftPackageProductDependency section */
		1ADE793D2B03801200F0E915 /* Lottie */ = {
			isa = XCSwiftPackageProductDependency;
			package = 1ADE793C2B03801200F0E915 /* XCRemoteSwiftPackageReference "lottie-spm" */;
			productName = Lottie;
		};
		5C5DBE82277210B400E19935 /* Auth0 */ = {
			isa = XCSwiftPackageProductDependency;
			package = 5C5DBE81277210B400E19935 /* XCRemoteSwiftPackageReference "Auth0.swift" */;
			productName = Auth0;
		};
/* End XCSwiftPackageProductDependency section */
	};
	rootObject = 5CDD8850277102DA00052307 /* Project object */;
}
