// !$*UTF8*$!
{
	archiveVersion = 1;
	classes = {
	};
	objectVersion = 55;
	objects = {

/* Begin PBXBuildFile section */
		1A2CDD342B039D6E002044D0 /* UIElements.swift in Sources */ = {isa = PBXBuildFile; fileRef = 1A2CDD332B039D6E002044D0 /* UIElements.swift */; };
		1A34F21C2B0C9DEC009C91FE /* LoadingScreenView.swift in Sources */ = {isa = PBXBuildFile; fileRef = 1A34F21B2B0C9DEC009C91FE /* LoadingScreenView.swift */; };
		1A34F2202B0CA3EE009C91FE /* loading.lottie in Resources */ = {isa = PBXBuildFile; fileRef = 1A34F21F2B0CA3EE009C91FE /* loading.lottie */; };
		1A34F2222B0CB214009C91FE /* LearningModelView.swift in Sources */ = {isa = PBXBuildFile; fileRef = 1A34F2212B0CB214009C91FE /* LearningModelView.swift */; };
		1A3EE7EE2B0D3E2200BEB6C9 /* HDYSLevelView.swift in Sources */ = {isa = PBXBuildFile; fileRef = 1A3EE7ED2B0D3E2200BEB6C9 /* HDYSLevelView.swift */; };
		1A56642D2B0AB8C5007E58E4 /* LessonContainer.swift in Sources */ = {isa = PBXBuildFile; fileRef = 1A56642C2B0AB8C5007E58E4 /* LessonContainer.swift */; };
		1A56645D2B0B7E9C007E58E4 /* taco.lottie in Resources */ = {isa = PBXBuildFile; fileRef = 1A5664322B0B7E9A007E58E4 /* taco.lottie */; };
		1A56645E2B0B7E9C007E58E4 /* fries.lottie in Resources */ = {isa = PBXBuildFile; fileRef = 1A5664332B0B7E9A007E58E4 /* fries.lottie */; };
		1A56645F2B0B7E9C007E58E4 /* croissant.lottie in Resources */ = {isa = PBXBuildFile; fileRef = 1A5664342B0B7E9A007E58E4 /* croissant.lottie */; };
		1A5664602B0B7E9C007E58E4 /* fried_eggs.lottie in Resources */ = {isa = PBXBuildFile; fileRef = 1A5664352B0B7E9A007E58E4 /* fried_eggs.lottie */; };
		1A5664612B0B7E9C007E58E4 /* cracker.lottie in Resources */ = {isa = PBXBuildFile; fileRef = 1A5664362B0B7E9A007E58E4 /* cracker.lottie */; };
		1A5664622B0B7E9C007E58E4 /* cheese.lottie in Resources */ = {isa = PBXBuildFile; fileRef = 1A5664372B0B7E9A007E58E4 /* cheese.lottie */; };
		1A5664632B0B7E9C007E58E4 /* cupcake.lottie in Resources */ = {isa = PBXBuildFile; fileRef = 1A5664382B0B7E9A007E58E4 /* cupcake.lottie */; };
		1A5664642B0B7E9C007E58E4 /* bananas.lottie in Resources */ = {isa = PBXBuildFile; fileRef = 1A5664392B0B7E9A007E58E4 /* bananas.lottie */; };
		1A5664652B0B7E9C007E58E4 /* pudding.lottie in Resources */ = {isa = PBXBuildFile; fileRef = 1A56643A2B0B7E9A007E58E4 /* pudding.lottie */; };
		1A5664662B0B7E9C007E58E4 /* cherry.lottie in Resources */ = {isa = PBXBuildFile; fileRef = 1A56643B2B0B7E9A007E58E4 /* cherry.lottie */; };
		1A5664672B0B7E9C007E58E4 /* donut.lottie in Resources */ = {isa = PBXBuildFile; fileRef = 1A56643C2B0B7E9B007E58E4 /* donut.lottie */; };
		1A5664682B0B7E9C007E58E4 /* pear.lottie in Resources */ = {isa = PBXBuildFile; fileRef = 1A56643D2B0B7E9B007E58E4 /* pear.lottie */; };
		1A5664692B0B7E9C007E58E4 /* carrot.lottie in Resources */ = {isa = PBXBuildFile; fileRef = 1A56643E2B0B7E9B007E58E4 /* carrot.lottie */; };
		1A56646A2B0B7E9C007E58E4 /* lemon.lottie in Resources */ = {isa = PBXBuildFile; fileRef = 1A56643F2B0B7E9B007E58E4 /* lemon.lottie */; };
		1A56646B2B0B7E9C007E58E4 /* toaster.lottie in Resources */ = {isa = PBXBuildFile; fileRef = 1A5664402B0B7E9B007E58E4 /* toaster.lottie */; };
		1A56646C2B0B7E9C007E58E4 /* burger.lottie in Resources */ = {isa = PBXBuildFile; fileRef = 1A5664412B0B7E9B007E58E4 /* burger.lottie */; };
		1A56646D2B0B7E9C007E58E4 /* egg.lottie in Resources */ = {isa = PBXBuildFile; fileRef = 1A5664422B0B7E9B007E58E4 /* egg.lottie */; };
		1A56646E2B0B7E9C007E58E4 /* hot_dog.lottie in Resources */ = {isa = PBXBuildFile; fileRef = 1A5664432B0B7E9B007E58E4 /* hot_dog.lottie */; };
		1A56646F2B0B7E9C007E58E4 /* water.lottie in Resources */ = {isa = PBXBuildFile; fileRef = 1A5664442B0B7E9B007E58E4 /* water.lottie */; };
		1A5664702B0B7E9C007E58E4 /* lemonade.lottie in Resources */ = {isa = PBXBuildFile; fileRef = 1A5664452B0B7E9B007E58E4 /* lemonade.lottie */; };
		1A5664712B0B7E9C007E58E4 /* olive.lottie in Resources */ = {isa = PBXBuildFile; fileRef = 1A5664462B0B7E9B007E58E4 /* olive.lottie */; };
		1A5664722B0B7E9C007E58E4 /* fish.lottie in Resources */ = {isa = PBXBuildFile; fileRef = 1A5664472B0B7E9B007E58E4 /* fish.lottie */; };
		1A5664732B0B7E9C007E58E4 /* eggplant.lottie in Resources */ = {isa = PBXBuildFile; fileRef = 1A5664482B0B7E9B007E58E4 /* eggplant.lottie */; };
		1A5664742B0B7E9C007E58E4 /* honey.lottie in Resources */ = {isa = PBXBuildFile; fileRef = 1A5664492B0B7E9B007E58E4 /* honey.lottie */; };
		1A5664752B0B7E9C007E58E4 /* soup.lottie in Resources */ = {isa = PBXBuildFile; fileRef = 1A56644A2B0B7E9B007E58E4 /* soup.lottie */; };
		1A5664762B0B7E9C007E58E4 /* menu.lottie in Resources */ = {isa = PBXBuildFile; fileRef = 1A56644B2B0B7E9B007E58E4 /* menu.lottie */; };
		1A5664772B0B7E9C007E58E4 /* pepper.lottie in Resources */ = {isa = PBXBuildFile; fileRef = 1A56644C2B0B7E9B007E58E4 /* pepper.lottie */; };
		1A5664782B0B7E9C007E58E4 /* mixer.lottie in Resources */ = {isa = PBXBuildFile; fileRef = 1A56644D2B0B7E9B007E58E4 /* mixer.lottie */; };
		1A5664792B0B7E9C007E58E4 /* strawberry.lottie in Resources */ = {isa = PBXBuildFile; fileRef = 1A56644E2B0B7E9B007E58E4 /* strawberry.lottie */; };
		1A56647A2B0B7E9C007E58E4 /* cake.lottie in Resources */ = {isa = PBXBuildFile; fileRef = 1A56644F2B0B7E9B007E58E4 /* cake.lottie */; };
		1A56647B2B0B7E9C007E58E4 /* mashroom.lottie in Resources */ = {isa = PBXBuildFile; fileRef = 1A5664502B0B7E9B007E58E4 /* mashroom.lottie */; };
		1A56647C2B0B7E9C007E58E4 /* chocolate.lottie in Resources */ = {isa = PBXBuildFile; fileRef = 1A5664512B0B7E9B007E58E4 /* chocolate.lottie */; };
		1A56647D2B0B7E9C007E58E4 /* tea.lottie in Resources */ = {isa = PBXBuildFile; fileRef = 1A5664522B0B7E9B007E58E4 /* tea.lottie */; };
		1A56647E2B0B7E9C007E58E4 /* melon.lottie in Resources */ = {isa = PBXBuildFile; fileRef = 1A5664532B0B7E9B007E58E4 /* melon.lottie */; };
		1A56647F2B0B7E9C007E58E4 /* candy.lottie in Resources */ = {isa = PBXBuildFile; fileRef = 1A5664542B0B7E9B007E58E4 /* candy.lottie */; };
		1A5664802B0B7E9C007E58E4 /* canned_food.lottie in Resources */ = {isa = PBXBuildFile; fileRef = 1A5664552B0B7E9B007E58E4 /* canned_food.lottie */; };
		1A5664812B0B7E9C007E58E4 /* apple.lottie in Resources */ = {isa = PBXBuildFile; fileRef = 1A5664562B0B7E9B007E58E4 /* apple.lottie */; };
		1A5664822B0B7E9C007E58E4 /* corn.lottie in Resources */ = {isa = PBXBuildFile; fileRef = 1A5664572B0B7E9C007E58E4 /* corn.lottie */; };
		1A5664832B0B7E9C007E58E4 /* leaf.lottie in Resources */ = {isa = PBXBuildFile; fileRef = 1A5664582B0B7E9C007E58E4 /* leaf.lottie */; };
		1A5664842B0B7E9C007E58E4 /* beer.lottie in Resources */ = {isa = PBXBuildFile; fileRef = 1A5664592B0B7E9C007E58E4 /* beer.lottie */; };
		1A5664852B0B7E9C007E58E4 /* shrimp.lottie in Resources */ = {isa = PBXBuildFile; fileRef = 1A56645A2B0B7E9C007E58E4 /* shrimp.lottie */; };
		1A5664862B0B7E9C007E58E4 /* sushi.lottie in Resources */ = {isa = PBXBuildFile; fileRef = 1A56645B2B0B7E9C007E58E4 /* sushi.lottie */; };
		1A5664872B0B7E9C007E58E4 /* cancer.lottie in Resources */ = {isa = PBXBuildFile; fileRef = 1A56645C2B0B7E9C007E58E4 /* cancer.lottie */; };
		1A5664892B0BB1F6007E58E4 /* WavePatternGenerationModel.swift in Sources */ = {isa = PBXBuildFile; fileRef = 1A5664882B0BB1F5007E58E4 /* WavePatternGenerationModel.swift */; };
		1A56648D2B0BBCF7007E58E4 /* Haptic Model.swift in Sources */ = {isa = PBXBuildFile; fileRef = 1A56648C2B0BBCF7007E58E4 /* Haptic Model.swift */; };
		1A5756532B055B9500A60DE7 /* Assets.xcassets in Resources */ = {isa = PBXBuildFile; fileRef = 1A5756522B055B9500A60DE7 /* Assets.xcassets */; };
		1A57565F2B0565FA00A60DE7 /* confetti.lottie in Resources */ = {isa = PBXBuildFile; fileRef = 1A57565E2B0565FA00A60DE7 /* confetti.lottie */; };
		1A9EA3782B06572B002CFE18 /* LoginView.swift in Sources */ = {isa = PBXBuildFile; fileRef = 1A9EA3772B06572B002CFE18 /* LoginView.swift */; };
		1A9EA37F2B065C24002CFE18 /* DINNextRoundedLTPro-Bold.otf in Resources */ = {isa = PBXBuildFile; fileRef = 1A9EA37A2B065C24002CFE18 /* DINNextRoundedLTPro-Bold.otf */; };
		1A9EA3802B065C24002CFE18 /* DINNextRoundedLTPro-Regular.otf in Resources */ = {isa = PBXBuildFile; fileRef = 1A9EA37B2B065C24002CFE18 /* DINNextRoundedLTPro-Regular.otf */; };
		1A9EA3812B065C24002CFE18 /* Feather.ttf in Resources */ = {isa = PBXBuildFile; fileRef = 1A9EA37C2B065C24002CFE18 /* Feather.ttf */; };
		1A9EA3822B065C24002CFE18 /* DINNextRoundedLTPro-Light.otf in Resources */ = {isa = PBXBuildFile; fileRef = 1A9EA37D2B065C24002CFE18 /* DINNextRoundedLTPro-Light.otf */; };
		1A9EA3832B065C24002CFE18 /* DINNextRoundedLTPro-Medium.otf in Resources */ = {isa = PBXBuildFile; fileRef = 1A9EA37E2B065C24002CFE18 /* DINNextRoundedLTPro-Medium.otf */; };
		1A9EA3892B066649002CFE18 /* dog_main.lottie in Resources */ = {isa = PBXBuildFile; fileRef = 1A9EA3882B066649002CFE18 /* dog_main.lottie */; };
		1A9EA38B2B0667E2002CFE18 /* LessonCompleteView.swift in Sources */ = {isa = PBXBuildFile; fileRef = 1A9EA38A2B0667E2002CFE18 /* LessonCompleteView.swift */; };
		1A9EA3902B06719C002CFE18 /* CustomSVGModelView.swift in Sources */ = {isa = PBXBuildFile; fileRef = 1A9EA38F2B06719C002CFE18 /* CustomSVGModelView.swift */; };
		1A9EA3922B0674F3002CFE18 /* LeaderboardView.swift in Sources */ = {isa = PBXBuildFile; fileRef = 1A9EA3912B0674F3002CFE18 /* LeaderboardView.swift */; };
		1A9EA39A2B06A606002CFE18 /* cup_demo.lottie in Resources */ = {isa = PBXBuildFile; fileRef = 1A9EA3992B06A606002CFE18 /* cup_demo.lottie */; };
		1A9EA3AA2B0763AD002CFE18 /* dog_walking.lottie in Resources */ = {isa = PBXBuildFile; fileRef = 1A9EA3A92B0763AD002CFE18 /* dog_walking.lottie */; };
		1A9EA3AE2B0791C9002CFE18 /* watermelon.lottie in Resources */ = {isa = PBXBuildFile; fileRef = 1A9EA3AD2B0791C9002CFE18 /* watermelon.lottie */; };
		1A9EA3B32B0794AE002CFE18 /* pizza.lottie in Resources */ = {isa = PBXBuildFile; fileRef = 1A9EA3B02B0794AE002CFE18 /* pizza.lottie */; };
		1A9EA3B42B0794AE002CFE18 /* ice_cream.lottie in Resources */ = {isa = PBXBuildFile; fileRef = 1A9EA3B12B0794AE002CFE18 /* ice_cream.lottie */; };
		1A9EA3B52B0794AE002CFE18 /* tomato.lottie in Resources */ = {isa = PBXBuildFile; fileRef = 1A9EA3B22B0794AE002CFE18 /* tomato.lottie */; };
		1A9EA3B72B0795E2002CFE18 /* LearningModel.swift in Sources */ = {isa = PBXBuildFile; fileRef = 1A9EA3B62B0795E2002CFE18 /* LearningModel.swift */; };
		1A9EA3B92B07966B002CFE18 /* ImageLevelView.swift in Sources */ = {isa = PBXBuildFile; fileRef = 1A9EA3B82B07966B002CFE18 /* ImageLevelView.swift */; };
		1AB574FE2B06172700AB46FC /* APICallModel.swift in Sources */ = {isa = PBXBuildFile; fileRef = 1AB574FD2B06172700AB46FC /* APICallModel.swift */; };
		1ADE793E2B03801200F0E915 /* Lottie in Frameworks */ = {isa = PBXBuildFile; productRef = 1ADE793D2B03801200F0E915 /* Lottie */; };
		1ADE79402B03802400F0E915 /* LottieModelView.swift in Sources */ = {isa = PBXBuildFile; fileRef = 1ADE793F2B03802400F0E915 /* LottieModelView.swift */; };
		1AE6DFB42B07FC23005D98F7 /* MenuView.swift in Sources */ = {isa = PBXBuildFile; fileRef = 1AE6DFB32B07FC23005D98F7 /* MenuView.swift */; };
		5C5DBE83277210B400E19935 /* Auth0 in Frameworks */ = {isa = PBXBuildFile; productRef = 5C5DBE82277210B400E19935 /* Auth0 */; };
		5C5DBE88277212E000E19935 /* Auth0.plist in Resources */ = {isa = PBXBuildFile; fileRef = 5C5DBE87277212E000E19935 /* Auth0.plist */; };
		5C6537272772F5EE0035759D /* UserModel.swift in Sources */ = {isa = PBXBuildFile; fileRef = 5C6537262772F5EE0035759D /* UserModel.swift */; };
		5CDD8865277102DC00052307 /* App.swift in Sources */ = {isa = PBXBuildFile; fileRef = 5CDD8855277102DA00052307 /* App.swift */; };
		5CDD8867277102DC00052307 /* Bootstrap.swift in Sources */ = {isa = PBXBuildFile; fileRef = 5CDD8856277102DA00052307 /* Bootstrap.swift */; };
/* End PBXBuildFile section */

/* Begin PBXFileReference section */
		1A2CDD332B039D6E002044D0 /* UIElements.swift */ = {isa = PBXFileReference; lastKnownFileType = sourcecode.swift; path = UIElements.swift; sourceTree = "<group>"; };
		1A34F21B2B0C9DEC009C91FE /* LoadingScreenView.swift */ = {isa = PBXFileReference; lastKnownFileType = sourcecode.swift; path = LoadingScreenView.swift; sourceTree = "<group>"; };
		1A34F21F2B0CA3EE009C91FE /* loading.lottie */ = {isa = PBXFileReference; lastKnownFileType = file; path = loading.lottie; sourceTree = "<group>"; };
		1A34F2212B0CB214009C91FE /* LearningModelView.swift */ = {isa = PBXFileReference; lastKnownFileType = sourcecode.swift; path = LearningModelView.swift; sourceTree = "<group>"; };
		1A3EE7ED2B0D3E2200BEB6C9 /* HDYSLevelView.swift */ = {isa = PBXFileReference; lastKnownFileType = sourcecode.swift; path = HDYSLevelView.swift; sourceTree = "<group>"; };
		1A56642C2B0AB8C5007E58E4 /* LessonContainer.swift */ = {isa = PBXFileReference; lastKnownFileType = sourcecode.swift; path = LessonContainer.swift; sourceTree = "<group>"; };
		1A5664322B0B7E9A007E58E4 /* taco.lottie */ = {isa = PBXFileReference; lastKnownFileType = file; path = taco.lottie; sourceTree = "<group>"; };
		1A5664332B0B7E9A007E58E4 /* fries.lottie */ = {isa = PBXFileReference; lastKnownFileType = file; path = fries.lottie; sourceTree = "<group>"; };
		1A5664342B0B7E9A007E58E4 /* croissant.lottie */ = {isa = PBXFileReference; lastKnownFileType = file; path = croissant.lottie; sourceTree = "<group>"; };
		1A5664352B0B7E9A007E58E4 /* fried_eggs.lottie */ = {isa = PBXFileReference; lastKnownFileType = file; path = fried_eggs.lottie; sourceTree = "<group>"; };
		1A5664362B0B7E9A007E58E4 /* cracker.lottie */ = {isa = PBXFileReference; lastKnownFileType = file; path = cracker.lottie; sourceTree = "<group>"; };
		1A5664372B0B7E9A007E58E4 /* cheese.lottie */ = {isa = PBXFileReference; lastKnownFileType = file; path = cheese.lottie; sourceTree = "<group>"; };
		1A5664382B0B7E9A007E58E4 /* cupcake.lottie */ = {isa = PBXFileReference; lastKnownFileType = file; path = cupcake.lottie; sourceTree = "<group>"; };
		1A5664392B0B7E9A007E58E4 /* bananas.lottie */ = {isa = PBXFileReference; lastKnownFileType = file; path = bananas.lottie; sourceTree = "<group>"; };
		1A56643A2B0B7E9A007E58E4 /* pudding.lottie */ = {isa = PBXFileReference; lastKnownFileType = file; path = pudding.lottie; sourceTree = "<group>"; };
		1A56643B2B0B7E9A007E58E4 /* cherry.lottie */ = {isa = PBXFileReference; lastKnownFileType = file; path = cherry.lottie; sourceTree = "<group>"; };
		1A56643C2B0B7E9B007E58E4 /* donut.lottie */ = {isa = PBXFileReference; lastKnownFileType = file; path = donut.lottie; sourceTree = "<group>"; };
		1A56643D2B0B7E9B007E58E4 /* pear.lottie */ = {isa = PBXFileReference; lastKnownFileType = file; path = pear.lottie; sourceTree = "<group>"; };
		1A56643E2B0B7E9B007E58E4 /* carrot.lottie */ = {isa = PBXFileReference; lastKnownFileType = file; path = carrot.lottie; sourceTree = "<group>"; };
		1A56643F2B0B7E9B007E58E4 /* lemon.lottie */ = {isa = PBXFileReference; lastKnownFileType = file; path = lemon.lottie; sourceTree = "<group>"; };
		1A5664402B0B7E9B007E58E4 /* toaster.lottie */ = {isa = PBXFileReference; lastKnownFileType = file; path = toaster.lottie; sourceTree = "<group>"; };
		1A5664412B0B7E9B007E58E4 /* burger.lottie */ = {isa = PBXFileReference; lastKnownFileType = file; path = burger.lottie; sourceTree = "<group>"; };
		1A5664422B0B7E9B007E58E4 /* egg.lottie */ = {isa = PBXFileReference; lastKnownFileType = file; path = egg.lottie; sourceTree = "<group>"; };
		1A5664432B0B7E9B007E58E4 /* hot_dog.lottie */ = {isa = PBXFileReference; lastKnownFileType = file; path = hot_dog.lottie; sourceTree = "<group>"; };
		1A5664442B0B7E9B007E58E4 /* water.lottie */ = {isa = PBXFileReference; lastKnownFileType = file; path = water.lottie; sourceTree = "<group>"; };
		1A5664452B0B7E9B007E58E4 /* lemonade.lottie */ = {isa = PBXFileReference; lastKnownFileType = file; path = lemonade.lottie; sourceTree = "<group>"; };
		1A5664462B0B7E9B007E58E4 /* olive.lottie */ = {isa = PBXFileReference; lastKnownFileType = file; path = olive.lottie; sourceTree = "<group>"; };
		1A5664472B0B7E9B007E58E4 /* fish.lottie */ = {isa = PBXFileReference; lastKnownFileType = file; path = fish.lottie; sourceTree = "<group>"; };
		1A5664482B0B7E9B007E58E4 /* eggplant.lottie */ = {isa = PBXFileReference; lastKnownFileType = file; path = eggplant.lottie; sourceTree = "<group>"; };
		1A5664492B0B7E9B007E58E4 /* honey.lottie */ = {isa = PBXFileReference; lastKnownFileType = file; path = honey.lottie; sourceTree = "<group>"; };
		1A56644A2B0B7E9B007E58E4 /* soup.lottie */ = {isa = PBXFileReference; lastKnownFileType = file; path = soup.lottie; sourceTree = "<group>"; };
		1A56644B2B0B7E9B007E58E4 /* menu.lottie */ = {isa = PBXFileReference; lastKnownFileType = file; path = menu.lottie; sourceTree = "<group>"; };
		1A56644C2B0B7E9B007E58E4 /* pepper.lottie */ = {isa = PBXFileReference; lastKnownFileType = file; path = pepper.lottie; sourceTree = "<group>"; };
		1A56644D2B0B7E9B007E58E4 /* mixer.lottie */ = {isa = PBXFileReference; lastKnownFileType = file; path = mixer.lottie; sourceTree = "<group>"; };
		1A56644E2B0B7E9B007E58E4 /* strawberry.lottie */ = {isa = PBXFileReference; lastKnownFileType = file; path = strawberry.lottie; sourceTree = "<group>"; };
		1A56644F2B0B7E9B007E58E4 /* cake.lottie */ = {isa = PBXFileReference; lastKnownFileType = file; path = cake.lottie; sourceTree = "<group>"; };
		1A5664502B0B7E9B007E58E4 /* mashroom.lottie */ = {isa = PBXFileReference; lastKnownFileType = file; path = mashroom.lottie; sourceTree = "<group>"; };
		1A5664512B0B7E9B007E58E4 /* chocolate.lottie */ = {isa = PBXFileReference; lastKnownFileType = file; path = chocolate.lottie; sourceTree = "<group>"; };
		1A5664522B0B7E9B007E58E4 /* tea.lottie */ = {isa = PBXFileReference; lastKnownFileType = file; path = tea.lottie; sourceTree = "<group>"; };
		1A5664532B0B7E9B007E58E4 /* melon.lottie */ = {isa = PBXFileReference; lastKnownFileType = file; path = melon.lottie; sourceTree = "<group>"; };
		1A5664542B0B7E9B007E58E4 /* candy.lottie */ = {isa = PBXFileReference; lastKnownFileType = file; path = candy.lottie; sourceTree = "<group>"; };
		1A5664552B0B7E9B007E58E4 /* canned_food.lottie */ = {isa = PBXFileReference; lastKnownFileType = file; path = canned_food.lottie; sourceTree = "<group>"; };
		1A5664562B0B7E9B007E58E4 /* apple.lottie */ = {isa = PBXFileReference; lastKnownFileType = file; path = apple.lottie; sourceTree = "<group>"; };
		1A5664572B0B7E9C007E58E4 /* corn.lottie */ = {isa = PBXFileReference; lastKnownFileType = file; path = corn.lottie; sourceTree = "<group>"; };
		1A5664582B0B7E9C007E58E4 /* leaf.lottie */ = {isa = PBXFileReference; lastKnownFileType = file; path = leaf.lottie; sourceTree = "<group>"; };
		1A5664592B0B7E9C007E58E4 /* beer.lottie */ = {isa = PBXFileReference; lastKnownFileType = file; path = beer.lottie; sourceTree = "<group>"; };
		1A56645A2B0B7E9C007E58E4 /* shrimp.lottie */ = {isa = PBXFileReference; lastKnownFileType = file; path = shrimp.lottie; sourceTree = "<group>"; };
		1A56645B2B0B7E9C007E58E4 /* sushi.lottie */ = {isa = PBXFileReference; lastKnownFileType = file; path = sushi.lottie; sourceTree = "<group>"; };
		1A56645C2B0B7E9C007E58E4 /* cancer.lottie */ = {isa = PBXFileReference; lastKnownFileType = file; path = cancer.lottie; sourceTree = "<group>"; };
		1A5664882B0BB1F5007E58E4 /* WavePatternGenerationModel.swift */ = {isa = PBXFileReference; lastKnownFileType = sourcecode.swift; path = WavePatternGenerationModel.swift; sourceTree = "<group>"; };
		1A56648C2B0BBCF7007E58E4 /* Haptic Model.swift */ = {isa = PBXFileReference; lastKnownFileType = sourcecode.swift; path = "Haptic Model.swift"; sourceTree = "<group>"; };
		1A5756522B055B9500A60DE7 /* Assets.xcassets */ = {isa = PBXFileReference; lastKnownFileType = folder.assetcatalog; path = Assets.xcassets; sourceTree = "<group>"; };
		1A57565E2B0565FA00A60DE7 /* confetti.lottie */ = {isa = PBXFileReference; lastKnownFileType = file; path = confetti.lottie; sourceTree = "<group>"; };
		1A9EA3772B06572B002CFE18 /* LoginView.swift */ = {isa = PBXFileReference; lastKnownFileType = sourcecode.swift; path = LoginView.swift; sourceTree = "<group>"; };
		1A9EA37A2B065C24002CFE18 /* DINNextRoundedLTPro-Bold.otf */ = {isa = PBXFileReference; lastKnownFileType = file; path = "DINNextRoundedLTPro-Bold.otf"; sourceTree = "<group>"; };
		1A9EA37B2B065C24002CFE18 /* DINNextRoundedLTPro-Regular.otf */ = {isa = PBXFileReference; lastKnownFileType = file; path = "DINNextRoundedLTPro-Regular.otf"; sourceTree = "<group>"; };
		1A9EA37C2B065C24002CFE18 /* Feather.ttf */ = {isa = PBXFileReference; lastKnownFileType = file; path = Feather.ttf; sourceTree = "<group>"; };
		1A9EA37D2B065C24002CFE18 /* DINNextRoundedLTPro-Light.otf */ = {isa = PBXFileReference; lastKnownFileType = file; path = "DINNextRoundedLTPro-Light.otf"; sourceTree = "<group>"; };
		1A9EA37E2B065C24002CFE18 /* DINNextRoundedLTPro-Medium.otf */ = {isa = PBXFileReference; lastKnownFileType = file; path = "DINNextRoundedLTPro-Medium.otf"; sourceTree = "<group>"; };
		1A9EA3882B066649002CFE18 /* dog_main.lottie */ = {isa = PBXFileReference; lastKnownFileType = file; path = dog_main.lottie; sourceTree = "<group>"; };
		1A9EA38A2B0667E2002CFE18 /* LessonCompleteView.swift */ = {isa = PBXFileReference; lastKnownFileType = sourcecode.swift; path = LessonCompleteView.swift; sourceTree = "<group>"; };
		1A9EA38F2B06719C002CFE18 /* CustomSVGModelView.swift */ = {isa = PBXFileReference; lastKnownFileType = sourcecode.swift; path = CustomSVGModelView.swift; sourceTree = "<group>"; };
		1A9EA3912B0674F3002CFE18 /* LeaderboardView.swift */ = {isa = PBXFileReference; lastKnownFileType = sourcecode.swift; path = LeaderboardView.swift; sourceTree = "<group>"; };
		1A9EA3992B06A606002CFE18 /* cup_demo.lottie */ = {isa = PBXFileReference; lastKnownFileType = file; path = cup_demo.lottie; sourceTree = "<group>"; };
		1A9EA3A92B0763AD002CFE18 /* dog_walking.lottie */ = {isa = PBXFileReference; lastKnownFileType = file; path = dog_walking.lottie; sourceTree = "<group>"; };
		1A9EA3AD2B0791C9002CFE18 /* watermelon.lottie */ = {isa = PBXFileReference; lastKnownFileType = file; path = watermelon.lottie; sourceTree = "<group>"; };
		1A9EA3B02B0794AE002CFE18 /* pizza.lottie */ = {isa = PBXFileReference; lastKnownFileType = file; path = pizza.lottie; sourceTree = "<group>"; };
		1A9EA3B12B0794AE002CFE18 /* ice_cream.lottie */ = {isa = PBXFileReference; lastKnownFileType = file; path = ice_cream.lottie; sourceTree = "<group>"; };
		1A9EA3B22B0794AE002CFE18 /* tomato.lottie */ = {isa = PBXFileReference; lastKnownFileType = file; path = tomato.lottie; sourceTree = "<group>"; };
		1A9EA3B62B0795E2002CFE18 /* LearningModel.swift */ = {isa = PBXFileReference; lastKnownFileType = sourcecode.swift; path = LearningModel.swift; sourceTree = "<group>"; };
		1A9EA3B82B07966B002CFE18 /* ImageLevelView.swift */ = {isa = PBXFileReference; lastKnownFileType = sourcecode.swift; path = ImageLevelView.swift; sourceTree = "<group>"; };
		1AB574FD2B06172700AB46FC /* APICallModel.swift */ = {isa = PBXFileReference; lastKnownFileType = sourcecode.swift; path = APICallModel.swift; sourceTree = "<group>"; };
		1ADE793F2B03802400F0E915 /* LottieModelView.swift */ = {isa = PBXFileReference; lastKnownFileType = sourcecode.swift; path = LottieModelView.swift; sourceTree = "<group>"; };
		1AE6DFB32B07FC23005D98F7 /* MenuView.swift */ = {isa = PBXFileReference; lastKnownFileType = sourcecode.swift; path = MenuView.swift; sourceTree = "<group>"; };
		5C5DBE87277212E000E19935 /* Auth0.plist */ = {isa = PBXFileReference; lastKnownFileType = text.plist.xml; path = Auth0.plist; sourceTree = "<group>"; };
		5C6537262772F5EE0035759D /* UserModel.swift */ = {isa = PBXFileReference; lastKnownFileType = sourcecode.swift; path = UserModel.swift; sourceTree = "<group>"; };
		5CDD8855277102DA00052307 /* App.swift */ = {isa = PBXFileReference; lastKnownFileType = sourcecode.swift; path = App.swift; sourceTree = "<group>"; };
		5CDD8856277102DA00052307 /* Bootstrap.swift */ = {isa = PBXFileReference; lastKnownFileType = sourcecode.swift; path = Bootstrap.swift; sourceTree = "<group>"; };
		5CDD885C277102DC00052307 /* Linguine.app */ = {isa = PBXFileReference; explicitFileType = wrapper.application; includeInIndex = 0; path = Linguine.app; sourceTree = BUILT_PRODUCTS_DIR; };
/* End PBXFileReference section */

/* Begin PBXFrameworksBuildPhase section */
		5CDD8859277102DC00052307 /* Frameworks */ = {
			isa = PBXFrameworksBuildPhase;
			buildActionMask = 2147483647;
			files = (
				5C5DBE83277210B400E19935 /* Auth0 in Frameworks */,
				1ADE793E2B03801200F0E915 /* Lottie in Frameworks */,
			);
			runOnlyForDeploymentPostprocessing = 0;
		};
/* End PBXFrameworksBuildPhase section */

/* Begin PBXGroup section */
		1A2CDD302B039CFB002044D0 /* Resources */ = {
			isa = PBXGroup;
			children = (
				1A9EA3792B065C24002CFE18 /* Fonts */,
				1A2CDD312B039D1A002044D0 /* DotLotties */,
			);
			path = Resources;
			sourceTree = "<group>";
		};
		1A2CDD312B039D1A002044D0 /* DotLotties */ = {
			isa = PBXGroup;
			children = (
				1A9EA3AF2B079439002CFE18 /* SVGs */,
				1A9EA3992B06A606002CFE18 /* cup_demo.lottie */,
				1A9EA3882B066649002CFE18 /* dog_main.lottie */,
				1A57565E2B0565FA00A60DE7 /* confetti.lottie */,
				1A34F21F2B0CA3EE009C91FE /* loading.lottie */,
				1A9EA3A92B0763AD002CFE18 /* dog_walking.lottie */,
			);
			path = DotLotties;
			sourceTree = "<group>";
		};
		1A2CDD322B039D47002044D0 /* Model View */ = {
			isa = PBXGroup;
			children = (
				1ADE793F2B03802400F0E915 /* LottieModelView.swift */,
				1A2CDD332B039D6E002044D0 /* UIElements.swift */,
				1A9EA38F2B06719C002CFE18 /* CustomSVGModelView.swift */,
				1A34F2212B0CB214009C91FE /* LearningModelView.swift */,
			);
			path = "Model View";
			sourceTree = "<group>";
		};
		1A9EA3792B065C24002CFE18 /* Fonts */ = {
			isa = PBXGroup;
			children = (
				1A9EA37A2B065C24002CFE18 /* DINNextRoundedLTPro-Bold.otf */,
				1A9EA37B2B065C24002CFE18 /* DINNextRoundedLTPro-Regular.otf */,
				1A9EA37C2B065C24002CFE18 /* Feather.ttf */,
				1A9EA37D2B065C24002CFE18 /* DINNextRoundedLTPro-Light.otf */,
				1A9EA37E2B065C24002CFE18 /* DINNextRoundedLTPro-Medium.otf */,
			);
			path = Fonts;
			sourceTree = "<group>";
		};
		1A9EA3AF2B079439002CFE18 /* SVGs */ = {
			isa = PBXGroup;
			children = (
				1A9EA3B02B0794AE002CFE18 /* pizza.lottie */,
				1A9EA3B22B0794AE002CFE18 /* tomato.lottie */,
				1A9EA3B12B0794AE002CFE18 /* ice_cream.lottie */,
				1A9EA3AD2B0791C9002CFE18 /* watermelon.lottie */,
				1A5664562B0B7E9B007E58E4 /* apple.lottie */,
				1A5664392B0B7E9A007E58E4 /* bananas.lottie */,
				1A5664592B0B7E9C007E58E4 /* beer.lottie */,
				1A5664412B0B7E9B007E58E4 /* burger.lottie */,
				1A56644F2B0B7E9B007E58E4 /* cake.lottie */,
				1A56645C2B0B7E9C007E58E4 /* cancer.lottie */,
				1A5664542B0B7E9B007E58E4 /* candy.lottie */,
				1A5664552B0B7E9B007E58E4 /* canned_food.lottie */,
				1A56643E2B0B7E9B007E58E4 /* carrot.lottie */,
				1A5664372B0B7E9A007E58E4 /* cheese.lottie */,
				1A56643B2B0B7E9A007E58E4 /* cherry.lottie */,
				1A5664512B0B7E9B007E58E4 /* chocolate.lottie */,
				1A5664572B0B7E9C007E58E4 /* corn.lottie */,
				1A5664362B0B7E9A007E58E4 /* cracker.lottie */,
				1A5664342B0B7E9A007E58E4 /* croissant.lottie */,
				1A5664382B0B7E9A007E58E4 /* cupcake.lottie */,
				1A56643C2B0B7E9B007E58E4 /* donut.lottie */,
				1A5664422B0B7E9B007E58E4 /* egg.lottie */,
				1A5664482B0B7E9B007E58E4 /* eggplant.lottie */,
				1A5664472B0B7E9B007E58E4 /* fish.lottie */,
				1A5664352B0B7E9A007E58E4 /* fried_eggs.lottie */,
				1A5664332B0B7E9A007E58E4 /* fries.lottie */,
				1A5664492B0B7E9B007E58E4 /* honey.lottie */,
				1A5664432B0B7E9B007E58E4 /* hot_dog.lottie */,
				1A5664582B0B7E9C007E58E4 /* leaf.lottie */,
				1A56643F2B0B7E9B007E58E4 /* lemon.lottie */,
				1A5664452B0B7E9B007E58E4 /* lemonade.lottie */,
				1A5664502B0B7E9B007E58E4 /* mashroom.lottie */,
				1A5664532B0B7E9B007E58E4 /* melon.lottie */,
				1A56644B2B0B7E9B007E58E4 /* menu.lottie */,
				1A56644D2B0B7E9B007E58E4 /* mixer.lottie */,
				1A5664462B0B7E9B007E58E4 /* olive.lottie */,
				1A56643D2B0B7E9B007E58E4 /* pear.lottie */,
				1A56644C2B0B7E9B007E58E4 /* pepper.lottie */,
				1A56643A2B0B7E9A007E58E4 /* pudding.lottie */,
				1A56645A2B0B7E9C007E58E4 /* shrimp.lottie */,
				1A56644A2B0B7E9B007E58E4 /* soup.lottie */,
				1A56644E2B0B7E9B007E58E4 /* strawberry.lottie */,
				1A56645B2B0B7E9C007E58E4 /* sushi.lottie */,
				1A5664322B0B7E9A007E58E4 /* taco.lottie */,
				1A5664522B0B7E9B007E58E4 /* tea.lottie */,
				1A5664402B0B7E9B007E58E4 /* toaster.lottie */,
				1A5664442B0B7E9B007E58E4 /* water.lottie */,
			);
			path = SVGs;
			sourceTree = "<group>";
		};
		1AD8C5EB2B02C08F004CE188 /* Auth0 */ = {
			isa = PBXGroup;
			children = (
				5C5DBE87277212E000E19935 /* Auth0.plist */,
			);
			path = Auth0;
			sourceTree = "<group>";
		};
		1AD8C5EC2B02C5A5004CE188 /* Views */ = {
			isa = PBXGroup;
			children = (
				1A9EA3772B06572B002CFE18 /* LoginView.swift */,
				1A9EA38A2B0667E2002CFE18 /* LessonCompleteView.swift */,
				1A9EA3912B0674F3002CFE18 /* LeaderboardView.swift */,
				1A9EA3B82B07966B002CFE18 /* ImageLevelView.swift */,
				1A3EE7ED2B0D3E2200BEB6C9 /* HDYSLevelView.swift */,
				1AE6DFB32B07FC23005D98F7 /* MenuView.swift */,
				1A56642C2B0AB8C5007E58E4 /* LessonContainer.swift */,
				1A34F21B2B0C9DEC009C91FE /* LoadingScreenView.swift */,
			);
			path = Views;
			sourceTree = "<group>";
		};
		1AD8C5ED2B02C8C9004CE188 /* Models */ = {
			isa = PBXGroup;
			children = (
				5C6537262772F5EE0035759D /* UserModel.swift */,
				1AB574FD2B06172700AB46FC /* APICallModel.swift */,
				1A9EA3B62B0795E2002CFE18 /* LearningModel.swift */,
				1A5664882B0BB1F5007E58E4 /* WavePatternGenerationModel.swift */,
				1A56648C2B0BBCF7007E58E4 /* Haptic Model.swift */,
			);
			path = Models;
			sourceTree = "<group>";
		};
		5C5DBE8A277217D800E19935 /* Linguine */ = {
			isa = PBXGroup;
			children = (
				5CDD8855277102DA00052307 /* App.swift */,
				5CDD8856277102DA00052307 /* Bootstrap.swift */,
				1AD8C5EC2B02C5A5004CE188 /* Views */,
				1AD8C5ED2B02C8C9004CE188 /* Models */,
				1A2CDD322B039D47002044D0 /* Model View */,
				1A2CDD302B039CFB002044D0 /* Resources */,
				1AD8C5EB2B02C08F004CE188 /* Auth0 */,
			);
			path = Linguine;
			sourceTree = "<group>";
		};
		5CDD884F277102DA00052307 = {
			isa = PBXGroup;
			children = (
				1A5756522B055B9500A60DE7 /* Assets.xcassets */,
				5C5DBE8A277217D800E19935 /* Linguine */,
				5CDD885D277102DC00052307 /* Products */,
			);
			sourceTree = "<group>";
		};
		5CDD885D277102DC00052307 /* Products */ = {
			isa = PBXGroup;
			children = (
				5CDD885C277102DC00052307 /* Linguine.app */,
			);
			name = Products;
			sourceTree = "<group>";
		};
/* End PBXGroup section */

/* Begin PBXNativeTarget section */
		5CDD885B277102DC00052307 /* Linguine (iOS) */ = {
			isa = PBXNativeTarget;
			buildConfigurationList = 5CDD886D277102DC00052307 /* Build configuration list for PBXNativeTarget "Linguine (iOS)" */;
			buildPhases = (
				5CDD8858277102DC00052307 /* Sources */,
				5CDD8859277102DC00052307 /* Frameworks */,
				5CDD885A277102DC00052307 /* Resources */,
				5C64E0E62774E805008D6599 /* SwiftLint */,
			);
			buildRules = (
			);
			dependencies = (
			);
			name = "Linguine (iOS)";
			packageProductDependencies = (
				5C5DBE82277210B400E19935 /* Auth0 */,
				1ADE793D2B03801200F0E915 /* Lottie */,
			);
			productName = "SwiftSample (iOS)";
			productReference = 5CDD885C277102DC00052307 /* Linguine.app */;
			productType = "com.apple.product-type.application";
		};
/* End PBXNativeTarget section */

/* Begin PBXProject section */
		5CDD8850277102DA00052307 /* Project object */ = {
			isa = PBXProject;
			attributes = {
				BuildIndependentTargetsInParallel = 1;
				LastSwiftUpdateCheck = 1320;
				LastUpgradeCheck = 1500;
				TargetAttributes = {
					5CDD885B277102DC00052307 = {
						CreatedOnToolsVersion = 13.2;
					};
				};
			};
			buildConfigurationList = 5CDD8853277102DA00052307 /* Build configuration list for PBXProject "Linguine" */;
			compatibilityVersion = "Xcode 13.0";
			developmentRegion = en;
			hasScannedForEncodings = 0;
			knownRegions = (
				en,
				Base,
			);
			mainGroup = 5CDD884F277102DA00052307;
			packageReferences = (
				5C5DBE81277210B400E19935 /* XCRemoteSwiftPackageReference "Auth0.swift" */,
				5CD3A4622784F5F900B67D88 /* XCRemoteSwiftPackageReference "ViewInspector" */,
				1ADE793C2B03801200F0E915 /* XCRemoteSwiftPackageReference "lottie-spm" */,
			);
			productRefGroup = 5CDD885D277102DC00052307 /* Products */;
			projectDirPath = "";
			projectRoot = "";
			targets = (
				5CDD885B277102DC00052307 /* Linguine (iOS) */,
			);
		};
/* End PBXProject section */

/* Begin PBXResourcesBuildPhase section */
		5CDD885A277102DC00052307 /* Resources */ = {
			isa = PBXResourcesBuildPhase;
			buildActionMask = 2147483647;
			files = (
				5C5DBE88277212E000E19935 /* Auth0.plist in Resources */,
				1A5664752B0B7E9C007E58E4 /* soup.lottie in Resources */,
				1A5664662B0B7E9C007E58E4 /* cherry.lottie in Resources */,
				1A56647D2B0B7E9C007E58E4 /* tea.lottie in Resources */,
				1A5664712B0B7E9C007E58E4 /* olive.lottie in Resources */,
				1A5664622B0B7E9C007E58E4 /* cheese.lottie in Resources */,
				1A34F2202B0CA3EE009C91FE /* loading.lottie in Resources */,
				1A56645D2B0B7E9C007E58E4 /* taco.lottie in Resources */,
				1A5664852B0B7E9C007E58E4 /* shrimp.lottie in Resources */,
				1A9EA3832B065C24002CFE18 /* DINNextRoundedLTPro-Medium.otf in Resources */,
				1A5664602B0B7E9C007E58E4 /* fried_eggs.lottie in Resources */,
				1A5664632B0B7E9C007E58E4 /* cupcake.lottie in Resources */,
				1A5664792B0B7E9C007E58E4 /* strawberry.lottie in Resources */,
				1A5664722B0B7E9C007E58E4 /* fish.lottie in Resources */,
				1A5664762B0B7E9C007E58E4 /* menu.lottie in Resources */,
				1A9EA3802B065C24002CFE18 /* DINNextRoundedLTPro-Regular.otf in Resources */,
				1A56646E2B0B7E9C007E58E4 /* hot_dog.lottie in Resources */,
				1A9EA37F2B065C24002CFE18 /* DINNextRoundedLTPro-Bold.otf in Resources */,
				1A5664772B0B7E9C007E58E4 /* pepper.lottie in Resources */,
				1A5664782B0B7E9C007E58E4 /* mixer.lottie in Resources */,
				1A5664832B0B7E9C007E58E4 /* leaf.lottie in Resources */,
				1A56647F2B0B7E9C007E58E4 /* candy.lottie in Resources */,
				1A56646F2B0B7E9C007E58E4 /* water.lottie in Resources */,
				1A5664672B0B7E9C007E58E4 /* donut.lottie in Resources */,
				1A5664652B0B7E9C007E58E4 /* pudding.lottie in Resources */,
				1A56646B2B0B7E9C007E58E4 /* toaster.lottie in Resources */,
				1A9EA3B42B0794AE002CFE18 /* ice_cream.lottie in Resources */,
				1A9EA3812B065C24002CFE18 /* Feather.ttf in Resources */,
				1A5664732B0B7E9C007E58E4 /* eggplant.lottie in Resources */,
				1A5664612B0B7E9C007E58E4 /* cracker.lottie in Resources */,
				1A5756532B055B9500A60DE7 /* Assets.xcassets in Resources */,
				1A9EA3AE2B0791C9002CFE18 /* watermelon.lottie in Resources */,
				1A9EA39A2B06A606002CFE18 /* cup_demo.lottie in Resources */,
				1A9EA3B52B0794AE002CFE18 /* tomato.lottie in Resources */,
				1A56645E2B0B7E9C007E58E4 /* fries.lottie in Resources */,
				1A56647B2B0B7E9C007E58E4 /* mashroom.lottie in Resources */,
				1A56647A2B0B7E9C007E58E4 /* cake.lottie in Resources */,
				1A5664702B0B7E9C007E58E4 /* lemonade.lottie in Resources */,
				1A9EA3AA2B0763AD002CFE18 /* dog_walking.lottie in Resources */,
				1A9EA3822B065C24002CFE18 /* DINNextRoundedLTPro-Light.otf in Resources */,
				1A56647E2B0B7E9C007E58E4 /* melon.lottie in Resources */,
				1A9EA3892B066649002CFE18 /* dog_main.lottie in Resources */,
				1A5664802B0B7E9C007E58E4 /* canned_food.lottie in Resources */,
				1A57565F2B0565FA00A60DE7 /* confetti.lottie in Resources */,
				1A5664812B0B7E9C007E58E4 /* apple.lottie in Resources */,
				1A5664692B0B7E9C007E58E4 /* carrot.lottie in Resources */,
				1A9EA3B32B0794AE002CFE18 /* pizza.lottie in Resources */,
				1A56647C2B0B7E9C007E58E4 /* chocolate.lottie in Resources */,
				1A5664682B0B7E9C007E58E4 /* pear.lottie in Resources */,
				1A56646C2B0B7E9C007E58E4 /* burger.lottie in Resources */,
				1A56646D2B0B7E9C007E58E4 /* egg.lottie in Resources */,
				1A56645F2B0B7E9C007E58E4 /* croissant.lottie in Resources */,
				1A5664742B0B7E9C007E58E4 /* honey.lottie in Resources */,
				1A5664862B0B7E9C007E58E4 /* sushi.lottie in Resources */,
				1A5664842B0B7E9C007E58E4 /* beer.lottie in Resources */,
				1A5664872B0B7E9C007E58E4 /* cancer.lottie in Resources */,
				1A5664642B0B7E9C007E58E4 /* bananas.lottie in Resources */,
				1A5664822B0B7E9C007E58E4 /* corn.lottie in Resources */,
				1A56646A2B0B7E9C007E58E4 /* lemon.lottie in Resources */,
			);
			runOnlyForDeploymentPostprocessing = 0;
		};
/* End PBXResourcesBuildPhase section */

/* Begin PBXShellScriptBuildPhase section */
		5C64E0E62774E805008D6599 /* SwiftLint */ = {
			isa = PBXShellScriptBuildPhase;
			alwaysOutOfDate = 1;
			buildActionMask = 2147483647;
			files = (
			);
			inputFileListPaths = (
			);
			inputPaths = (
			);
			name = SwiftLint;
			outputFileListPaths = (
			);
			outputPaths = (
			);
			runOnlyForDeploymentPostprocessing = 0;
			shellPath = /bin/sh;
			shellScript = "if [[ \"${CONFIGURATION}\" = \"Debug\" ]] && [ -z ${CIRCLECI} ] && which swiftlint >/dev/null; then\n    swiftlint\nfi\n";
		};
/* End PBXShellScriptBuildPhase section */

/* Begin PBXSourcesBuildPhase section */
		5CDD8858277102DC00052307 /* Sources */ = {
			isa = PBXSourcesBuildPhase;
			buildActionMask = 2147483647;
			files = (
				1A34F2222B0CB214009C91FE /* LearningModelView.swift in Sources */,
				1A5664892B0BB1F6007E58E4 /* WavePatternGenerationModel.swift in Sources */,
				1A9EA3B72B0795E2002CFE18 /* LearningModel.swift in Sources */,
				5CDD8867277102DC00052307 /* Bootstrap.swift in Sources */,
				1AB574FE2B06172700AB46FC /* APICallModel.swift in Sources */,
				1A34F21C2B0C9DEC009C91FE /* LoadingScreenView.swift in Sources */,
				1A9EA3782B06572B002CFE18 /* LoginView.swift in Sources */,
				1A9EA3B92B07966B002CFE18 /* ImageLevelView.swift in Sources */,
				1A56648D2B0BBCF7007E58E4 /* Haptic Model.swift in Sources */,
				1A3EE7EE2B0D3E2200BEB6C9 /* HDYSLevelView.swift in Sources */,
				1A9EA3922B0674F3002CFE18 /* LeaderboardView.swift in Sources */,
				5C6537272772F5EE0035759D /* UserModel.swift in Sources */,
				1AE6DFB42B07FC23005D98F7 /* MenuView.swift in Sources */,
				5CDD8865277102DC00052307 /* App.swift in Sources */,
				1A9EA3902B06719C002CFE18 /* CustomSVGModelView.swift in Sources */,
				1A56642D2B0AB8C5007E58E4 /* LessonContainer.swift in Sources */,
				1A9EA38B2B0667E2002CFE18 /* LessonCompleteView.swift in Sources */,
				1A2CDD342B039D6E002044D0 /* UIElements.swift in Sources */,
				1ADE79402B03802400F0E915 /* LottieModelView.swift in Sources */,
			);
			runOnlyForDeploymentPostprocessing = 0;
		};
/* End PBXSourcesBuildPhase section */

/* Begin XCBuildConfiguration section */
		5CDD886B277102DC00052307 /* Debug */ = {
			isa = XCBuildConfiguration;
			buildSettings = {
				ALWAYS_SEARCH_USER_PATHS = NO;
				CLANG_ANALYZER_NONNULL = YES;
				CLANG_ANALYZER_NUMBER_OBJECT_CONVERSION = YES_AGGRESSIVE;
				CLANG_CXX_LANGUAGE_STANDARD = "gnu++17";
				CLANG_CXX_LIBRARY = "libc++";
				CLANG_ENABLE_MODULES = YES;
				CLANG_ENABLE_OBJC_ARC = YES;
				CLANG_ENABLE_OBJC_WEAK = YES;
				CLANG_WARN_BLOCK_CAPTURE_AUTORELEASING = YES;
				CLANG_WARN_BOOL_CONVERSION = YES;
				CLANG_WARN_COMMA = YES;
				CLANG_WARN_CONSTANT_CONVERSION = YES;
				CLANG_WARN_DEPRECATED_OBJC_IMPLEMENTATIONS = YES;
				CLANG_WARN_DIRECT_OBJC_ISA_USAGE = YES_ERROR;
				CLANG_WARN_DOCUMENTATION_COMMENTS = YES;
				CLANG_WARN_EMPTY_BODY = YES;
				CLANG_WARN_ENUM_CONVERSION = YES;
				CLANG_WARN_INFINITE_RECURSION = YES;
				CLANG_WARN_INT_CONVERSION = YES;
				CLANG_WARN_NON_LITERAL_NULL_CONVERSION = YES;
				CLANG_WARN_OBJC_IMPLICIT_RETAIN_SELF = YES;
				CLANG_WARN_OBJC_LITERAL_CONVERSION = YES;
				CLANG_WARN_OBJC_ROOT_CLASS = YES_ERROR;
				CLANG_WARN_QUOTED_INCLUDE_IN_FRAMEWORK_HEADER = YES;
				CLANG_WARN_RANGE_LOOP_ANALYSIS = YES;
				CLANG_WARN_STRICT_PROTOTYPES = YES;
				CLANG_WARN_SUSPICIOUS_MOVE = YES;
				CLANG_WARN_UNGUARDED_AVAILABILITY = YES_AGGRESSIVE;
				CLANG_WARN_UNREACHABLE_CODE = YES;
				CLANG_WARN__DUPLICATE_METHOD_MATCH = YES;
				COPY_PHASE_STRIP = NO;
				DEAD_CODE_STRIPPING = YES;
				DEBUG_INFORMATION_FORMAT = dwarf;
				ENABLE_STRICT_OBJC_MSGSEND = YES;
				ENABLE_TESTABILITY = NO;
				ENABLE_USER_SCRIPT_SANDBOXING = YES;
				GCC_C_LANGUAGE_STANDARD = gnu11;
				GCC_DYNAMIC_NO_PIC = NO;
				GCC_NO_COMMON_BLOCKS = YES;
				GCC_OPTIMIZATION_LEVEL = 0;
				GCC_PREPROCESSOR_DEFINITIONS = (
					"DEBUG=1",
					"$(inherited)",
				);
				GCC_WARN_64_TO_32_BIT_CONVERSION = YES;
				GCC_WARN_ABOUT_RETURN_TYPE = YES_ERROR;
				GCC_WARN_UNDECLARED_SELECTOR = YES;
				GCC_WARN_UNINITIALIZED_AUTOS = YES_AGGRESSIVE;
				GCC_WARN_UNUSED_FUNCTION = YES;
				GCC_WARN_UNUSED_VARIABLE = YES;
				IPHONEOS_DEPLOYMENT_TARGET = 17.0;
				MTL_ENABLE_DEBUG_INFO = INCLUDE_SOURCE;
				MTL_FAST_MATH = YES;
				ONLY_ACTIVE_ARCH = YES;
				SWIFT_ACTIVE_COMPILATION_CONDITIONS = DEBUG;
				SWIFT_OPTIMIZATION_LEVEL = "-Onone";
			};
			name = Debug;
		};
		5CDD886C277102DC00052307 /* Release */ = {
			isa = XCBuildConfiguration;
			buildSettings = {
				ALWAYS_SEARCH_USER_PATHS = NO;
				CLANG_ANALYZER_NONNULL = YES;
				CLANG_ANALYZER_NUMBER_OBJECT_CONVERSION = YES_AGGRESSIVE;
				CLANG_CXX_LANGUAGE_STANDARD = "gnu++17";
				CLANG_CXX_LIBRARY = "libc++";
				CLANG_ENABLE_MODULES = YES;
				CLANG_ENABLE_OBJC_ARC = YES;
				CLANG_ENABLE_OBJC_WEAK = YES;
				CLANG_WARN_BLOCK_CAPTURE_AUTORELEASING = YES;
				CLANG_WARN_BOOL_CONVERSION = YES;
				CLANG_WARN_COMMA = YES;
				CLANG_WARN_CONSTANT_CONVERSION = YES;
				CLANG_WARN_DEPRECATED_OBJC_IMPLEMENTATIONS = YES;
				CLANG_WARN_DIRECT_OBJC_ISA_USAGE = YES_ERROR;
				CLANG_WARN_DOCUMENTATION_COMMENTS = YES;
				CLANG_WARN_EMPTY_BODY = YES;
				CLANG_WARN_ENUM_CONVERSION = YES;
				CLANG_WARN_INFINITE_RECURSION = YES;
				CLANG_WARN_INT_CONVERSION = YES;
				CLANG_WARN_NON_LITERAL_NULL_CONVERSION = YES;
				CLANG_WARN_OBJC_IMPLICIT_RETAIN_SELF = YES;
				CLANG_WARN_OBJC_LITERAL_CONVERSION = YES;
				CLANG_WARN_OBJC_ROOT_CLASS = YES_ERROR;
				CLANG_WARN_QUOTED_INCLUDE_IN_FRAMEWORK_HEADER = YES;
				CLANG_WARN_RANGE_LOOP_ANALYSIS = YES;
				CLANG_WARN_STRICT_PROTOTYPES = YES;
				CLANG_WARN_SUSPICIOUS_MOVE = YES;
				CLANG_WARN_UNGUARDED_AVAILABILITY = YES_AGGRESSIVE;
				CLANG_WARN_UNREACHABLE_CODE = YES;
				CLANG_WARN__DUPLICATE_METHOD_MATCH = YES;
				COPY_PHASE_STRIP = NO;
				DEAD_CODE_STRIPPING = YES;
				DEBUG_INFORMATION_FORMAT = "dwarf-with-dsym";
				ENABLE_NS_ASSERTIONS = NO;
				ENABLE_STRICT_OBJC_MSGSEND = YES;
				ENABLE_TESTABILITY = NO;
				ENABLE_USER_SCRIPT_SANDBOXING = YES;
				GCC_C_LANGUAGE_STANDARD = gnu11;
				GCC_NO_COMMON_BLOCKS = YES;
				GCC_WARN_64_TO_32_BIT_CONVERSION = YES;
				GCC_WARN_ABOUT_RETURN_TYPE = YES_ERROR;
				GCC_WARN_UNDECLARED_SELECTOR = YES;
				GCC_WARN_UNINITIALIZED_AUTOS = YES_AGGRESSIVE;
				GCC_WARN_UNUSED_FUNCTION = YES;
				GCC_WARN_UNUSED_VARIABLE = YES;
				IPHONEOS_DEPLOYMENT_TARGET = 17.0;
				MTL_ENABLE_DEBUG_INFO = NO;
				MTL_FAST_MATH = YES;
				SWIFT_COMPILATION_MODE = wholemodule;
				SWIFT_OPTIMIZATION_LEVEL = "-O";
			};
			name = Release;
		};
		5CDD886E277102DC00052307 /* Debug */ = {
			isa = XCBuildConfiguration;
			buildSettings = {
				ASSETCATALOG_COMPILER_APPICON_NAME = AppIcon;
				ASSETCATALOG_COMPILER_GENERATE_SWIFT_ASSET_SYMBOL_EXTENSIONS = YES;
				ASSETCATALOG_COMPILER_GLOBAL_ACCENT_COLOR_NAME = AccentColor;
				CODE_SIGN_STYLE = Automatic;
				CURRENT_PROJECT_VERSION = 1;
				DEVELOPMENT_TEAM = GXDG2KXXXC;
				ENABLE_PREVIEWS = YES;
				GENERATE_INFOPLIST_FILE = YES;
				INFOPLIST_FILE = Info.plist;
				INFOPLIST_KEY_CFBundleDisplayName = Linguine;
				INFOPLIST_KEY_LSApplicationCategoryType = "public.app-category.education";
				INFOPLIST_KEY_UIApplicationSceneManifest_Generation = YES;
				INFOPLIST_KEY_UIApplicationSupportsIndirectInputEvents = YES;
				INFOPLIST_KEY_UIRequiresFullScreen = YES;
				INFOPLIST_KEY_UISupportedInterfaceOrientations = UIInterfaceOrientationPortrait;
				IPHONEOS_DEPLOYMENT_TARGET = 17.0;
				LD_RUNPATH_SEARCH_PATHS = (
					"$(inherited)",
					"@executable_path/Frameworks",
				);
				MARKETING_VERSION = 1.0;
				PRODUCT_BUNDLE_IDENTIFIER = com.mattnovoselov.Triolingo;
				PRODUCT_NAME = Linguine;
				SDKROOT = iphoneos;
				SWIFT_EMIT_LOC_STRINGS = YES;
				SWIFT_VERSION = 5.0;
				TARGETED_DEVICE_FAMILY = "1,2";
			};
			name = Debug;
		};
		5CDD886F277102DC00052307 /* Release */ = {
			isa = XCBuildConfiguration;
			buildSettings = {
				ASSETCATALOG_COMPILER_APPICON_NAME = AppIcon;
				ASSETCATALOG_COMPILER_GENERATE_SWIFT_ASSET_SYMBOL_EXTENSIONS = YES;
				ASSETCATALOG_COMPILER_GLOBAL_ACCENT_COLOR_NAME = AccentColor;
				CODE_SIGN_STYLE = Automatic;
				CURRENT_PROJECT_VERSION = 1;
				DEVELOPMENT_TEAM = GXDG2KXXXC;
				ENABLE_PREVIEWS = YES;
				GENERATE_INFOPLIST_FILE = YES;
				INFOPLIST_FILE = Info.plist;
				INFOPLIST_KEY_CFBundleDisplayName = Linguine;
				INFOPLIST_KEY_LSApplicationCategoryType = "public.app-category.education";
				INFOPLIST_KEY_UIApplicationSceneManifest_Generation = YES;
				INFOPLIST_KEY_UIApplicationSupportsIndirectInputEvents = YES;
				INFOPLIST_KEY_UIRequiresFullScreen = YES;
				INFOPLIST_KEY_UISupportedInterfaceOrientations = UIInterfaceOrientationPortrait;
				IPHONEOS_DEPLOYMENT_TARGET = 17.0;
				LD_RUNPATH_SEARCH_PATHS = (
					"$(inherited)",
					"@executable_path/Frameworks",
				);
				MARKETING_VERSION = 1.0;
				PRODUCT_BUNDLE_IDENTIFIER = com.mattnovoselov.Triolingo;
				PRODUCT_NAME = Linguine;
				SDKROOT = iphoneos;
				SWIFT_EMIT_LOC_STRINGS = YES;
				SWIFT_VERSION = 5.0;
				TARGETED_DEVICE_FAMILY = "1,2";
				VALIDATE_PRODUCT = YES;
			};
			name = Release;
		};
/* End XCBuildConfiguration section */

/* Begin XCConfigurationList section */
		5CDD8853277102DA00052307 /* Build configuration list for PBXProject "Linguine" */ = {
			isa = XCConfigurationList;
			buildConfigurations = (
				5CDD886B277102DC00052307 /* Debug */,
				5CDD886C277102DC00052307 /* Release */,
			);
			defaultConfigurationIsVisible = 0;
			defaultConfigurationName = Release;
		};
		5CDD886D277102DC00052307 /* Build configuration list for PBXNativeTarget "Linguine (iOS)" */ = {
			isa = XCConfigurationList;
			buildConfigurations = (
				5CDD886E277102DC00052307 /* Debug */,
				5CDD886F277102DC00052307 /* Release */,
			);
			defaultConfigurationIsVisible = 0;
			defaultConfigurationName = Release;
		};
/* End XCConfigurationList section */

/* Begin XCRemoteSwiftPackageReference section */
		1ADE793C2B03801200F0E915 /* XCRemoteSwiftPackageReference "lottie-spm" */ = {
			isa = XCRemoteSwiftPackageReference;
			repositoryURL = "https://github.com/airbnb/lottie-spm";
			requirement = {
				kind = upToNextMajorVersion;
				minimumVersion = 4.3.3;
			};
		};
		5C5DBE81277210B400E19935 /* XCRemoteSwiftPackageReference "Auth0.swift" */ = {
			isa = XCRemoteSwiftPackageReference;
			repositoryURL = "https://github.com/auth0/Auth0.swift.git";
			requirement = {
				kind = upToNextMajorVersion;
				minimumVersion = 2.0.0;
			};
		};
		5CD3A4622784F5F900B67D88 /* XCRemoteSwiftPackageReference "ViewInspector" */ = {
			isa = XCRemoteSwiftPackageReference;
			repositoryURL = "https://github.com/nalexn/ViewInspector";
			requirement = {
				kind = upToNextMajorVersion;
				minimumVersion = 0.9.1;
			};
		};
/* End XCRemoteSwiftPackageReference section */

/* Begin XCSwiftPackageProductDependency section */
		1ADE793D2B03801200F0E915 /* Lottie */ = {
			isa = XCSwiftPackageProductDependency;
			package = 1ADE793C2B03801200F0E915 /* XCRemoteSwiftPackageReference "lottie-spm" */;
			productName = Lottie;
		};
		5C5DBE82277210B400E19935 /* Auth0 */ = {
			isa = XCSwiftPackageProductDependency;
			package = 5C5DBE81277210B400E19935 /* XCRemoteSwiftPackageReference "Auth0.swift" */;
			productName = Auth0;
		};
/* End XCSwiftPackageProductDependency section */
	};
	rootObject = 5CDD8850277102DA00052307 /* Project object */;
}
